
Microsoft Visual Studio Solution File, Format Version 12.00
# Visual Studio Version 17
VisualStudioVersion = 17.13.35931.197
MinimumVisualStudioVersion = 10.0.40219.1
Project("{FAE04EC0-301F-11D3-BF4B-00C04F79EFBC}") = "Authentication.Api", "Authenticate\Authentication.Api\Authentication.Api.csproj", "{00FA48AA-AAC5-2D6C-B97A-860029AE241B}"
EndProject
Project("{FAE04EC0-301F-11D3-BF4B-00C04F79EFBC}") = "Authentication.Application", "Authenticate\Authentication.Application\Authentication.Application.csproj", "{85F39052-DEB9-1D12-475D-9AFC5DEC09C9}"
EndProject
Project("{FAE04EC0-301F-11D3-BF4B-00C04F79EFBC}") = "Authentication.Domain", "Authenticate\Authentication.Domain\Authentication.Domain.csproj", "{0E739B1C-0B73-37F4-10BA-EF785EF809E2}"
EndProject
Project("{FAE04EC0-301F-11D3-BF4B-00C04F79EFBC}") = "Authentication.Persistence", "Authenticate\Authentication.Persistence\Authentication.Persistence.csproj", "{9AFD1115-2C46-D345-128E-2EE1879856AD}"
EndProject
Project("{2150E333-8FDC-42A3-9474-1A3956D46DE8}") = "Core", "Core", "{02EA681E-C7D8-13C7-8484-4AC65E1B71E8}"
EndProject
Project("{2150E333-8FDC-42A3-9474-1A3956D46DE8}") = "Presentation", "Presentation", "{2EAE0096-84BE-4458-B03E-0A1C08957F16}"
EndProject
Project("{2150E333-8FDC-42A3-9474-1A3956D46DE8}") = "Infrastructure", "Infrastructure", "{82DD075F-1104-4CA8-BE07-1E9A7FF1D202}"
EndProject
Project("{2150E333-8FDC-42A3-9474-1A3956D46DE8}") = "Authenticate", "Authenticate", "{73B11EC0-CA8F-427E-B282-FE897545C97B}"
EndProject
Project("{2150E333-8FDC-42A3-9474-1A3956D46DE8}") = "ApiGateway", "ApiGateway", "{582B45AA-9561-481B-8B6D-FCC7788B8395}"
EndProject
Project("{FAE04EC0-301F-11D3-BF4B-00C04F79EFBC}") = "ApiGateway", "ApiGateway\ApiGateway.csproj", "{E5858F4D-D17E-4963-A770-9A8A914BDA63}"
EndProject
Project("{2150E333-8FDC-42A3-9474-1A3956D46DE8}") = "Usuarios", "Usuarios", "{4905DBC5-FC94-40EF-B664-0D183D97DDBC}"
EndProject
Project("{2150E333-8FDC-42A3-9474-1A3956D46DE8}") = "Core", "Core", "{C07F59CA-AB3B-40C1-9884-8D27F713932C}"
EndProject
Project("{2150E333-8FDC-42A3-9474-1A3956D46DE8}") = "Infrastructure", "Infrastructure", "{F547F726-F1A7-4EE8-BF22-CB4464A4D74F}"
EndProject
Project("{2150E333-8FDC-42A3-9474-1A3956D46DE8}") = "Presentation", "Presentation", "{486C0110-4E90-4AA5-809E-C5987F8FEC77}"
EndProject
Project("{FAE04EC0-301F-11D3-BF4B-00C04F79EFBC}") = "Usuarios.Domain", "Usuarios\Usuarios.Domain\Usuarios.Domain.csproj", "{56DC7DD4-D1E4-8969-0242-9053F3075998}"
EndProject
Project("{FAE04EC0-301F-11D3-BF4B-00C04F79EFBC}") = "Usuarios.Application", "Usuarios\Usuarios.Application\Usuarios.Application.csproj", "{86CF06F9-6CB7-AD15-9D51-180A4C1BE8DA}"
EndProject
Project("{FAE04EC0-301F-11D3-BF4B-00C04F79EFBC}") = "Usuarios.Persistence", "Usuarios\Usuarios.Persistence\Usuarios.Persistence.csproj", "{275ED9A6-EAF3-2C3D-F321-08B781C14613}"
EndProject
Project("{FAE04EC0-301F-11D3-BF4B-00C04F79EFBC}") = "Usuarios.API", "Usuarios\Usuarios.API\Usuarios.API.csproj", "{F80E1F36-5492-FBB3-BC89-2947D0E7FE19}"
EndProject
Project("{2150E333-8FDC-42A3-9474-1A3956D46DE8}") = "Reservas", "Reservas", "{51E97536-C013-4C40-BFED-2D551DEDDCFD}"
EndProject
Project("{FAE04EC0-301F-11D3-BF4B-00C04F79EFBC}") = "Reservas.API", "Reservas\Reservas.API\Reservas.API.csproj", "{BBE48A79-DC4D-21E7-6D71-53F0ED7B552F}"
EndProject
Project("{FAE04EC0-301F-11D3-BF4B-00C04F79EFBC}") = "Reservas.Application", "Reservas\Reservas.Application\Reservas.Application.csproj", "{F66776B4-F74D-7E2E-F6DE-8A119D6C1D0B}"
EndProject
Project("{FAE04EC0-301F-11D3-BF4B-00C04F79EFBC}") = "Reservas.Domain", "Reservas\Reservas.Domain\Reservas.Domain.csproj", "{39E772DB-54CB-C09E-1E54-0EE540F25A2D}"
EndProject
Project("{FAE04EC0-301F-11D3-BF4B-00C04F79EFBC}") = "Reservas.Persistence", "Reservas\Reservas.Persistence\Reservas.Persistence.csproj", "{83A7506B-334B-2C8D-17E4-1DE83998BEA7}"
EndProject
Project("{2150E333-8FDC-42A3-9474-1A3956D46DE8}") = "Presentation", "Presentation", "{43F05A5B-9757-4F5D-B334-E5C51D10D60F}"
EndProject
Project("{2150E333-8FDC-42A3-9474-1A3956D46DE8}") = "Core", "Core", "{2EF5EEE0-0C5A-483F-87C3-0CFD17046A4A}"
EndProject
Project("{2150E333-8FDC-42A3-9474-1A3956D46DE8}") = "Infrastructure", "Infrastructure", "{5F40C3DB-4F58-4B31-9748-0527B56997E3}"
EndProject
Global
	GlobalSection(SolutionConfigurationPlatforms) = preSolution
		Debug|Any CPU = Debug|Any CPU
		Release|Any CPU = Release|Any CPU
	EndGlobalSection
	GlobalSection(ProjectConfigurationPlatforms) = postSolution
		{00FA48AA-AAC5-2D6C-B97A-860029AE241B}.Debug|Any CPU.ActiveCfg = Debug|Any CPU
		{00FA48AA-AAC5-2D6C-B97A-860029AE241B}.Debug|Any CPU.Build.0 = Debug|Any CPU
		{00FA48AA-AAC5-2D6C-B97A-860029AE241B}.Release|Any CPU.ActiveCfg = Release|Any CPU
		{00FA48AA-AAC5-2D6C-B97A-860029AE241B}.Release|Any CPU.Build.0 = Release|Any CPU
		{85F39052-DEB9-1D12-475D-9AFC5DEC09C9}.Debug|Any CPU.ActiveCfg = Debug|Any CPU
		{85F39052-DEB9-1D12-475D-9AFC5DEC09C9}.Debug|Any CPU.Build.0 = Debug|Any CPU
		{85F39052-DEB9-1D12-475D-9AFC5DEC09C9}.Release|Any CPU.ActiveCfg = Release|Any CPU
		{85F39052-DEB9-1D12-475D-9AFC5DEC09C9}.Release|Any CPU.Build.0 = Release|Any CPU
		{0E739B1C-0B73-37F4-10BA-EF785EF809E2}.Debug|Any CPU.ActiveCfg = Debug|Any CPU
		{0E739B1C-0B73-37F4-10BA-EF785EF809E2}.Debug|Any CPU.Build.0 = Debug|Any CPU
		{0E739B1C-0B73-37F4-10BA-EF785EF809E2}.Release|Any CPU.ActiveCfg = Release|Any CPU
		{0E739B1C-0B73-37F4-10BA-EF785EF809E2}.Release|Any CPU.Build.0 = Release|Any CPU
		{9AFD1115-2C46-D345-128E-2EE1879856AD}.Debug|Any CPU.ActiveCfg = Debug|Any CPU
		{9AFD1115-2C46-D345-128E-2EE1879856AD}.Debug|Any CPU.Build.0 = Debug|Any CPU
		{9AFD1115-2C46-D345-128E-2EE1879856AD}.Release|Any CPU.ActiveCfg = Release|Any CPU
		{9AFD1115-2C46-D345-128E-2EE1879856AD}.Release|Any CPU.Build.0 = Release|Any CPU
		{E5858F4D-D17E-4963-A770-9A8A914BDA63}.Debug|Any CPU.ActiveCfg = Debug|Any CPU
		{E5858F4D-D17E-4963-A770-9A8A914BDA63}.Debug|Any CPU.Build.0 = Debug|Any CPU
		{E5858F4D-D17E-4963-A770-9A8A914BDA63}.Release|Any CPU.ActiveCfg = Release|Any CPU
		{E5858F4D-D17E-4963-A770-9A8A914BDA63}.Release|Any CPU.Build.0 = Release|Any CPU
		{56DC7DD4-D1E4-8969-0242-9053F3075998}.Debug|Any CPU.ActiveCfg = Debug|Any CPU
		{56DC7DD4-D1E4-8969-0242-9053F3075998}.Debug|Any CPU.Build.0 = Debug|Any CPU
		{56DC7DD4-D1E4-8969-0242-9053F3075998}.Release|Any CPU.ActiveCfg = Release|Any CPU
		{56DC7DD4-D1E4-8969-0242-9053F3075998}.Release|Any CPU.Build.0 = Release|Any CPU
		{86CF06F9-6CB7-AD15-9D51-180A4C1BE8DA}.Debug|Any CPU.ActiveCfg = Debug|Any CPU
		{86CF06F9-6CB7-AD15-9D51-180A4C1BE8DA}.Debug|Any CPU.Build.0 = Debug|Any CPU
		{86CF06F9-6CB7-AD15-9D51-180A4C1BE8DA}.Release|Any CPU.ActiveCfg = Release|Any CPU
		{86CF06F9-6CB7-AD15-9D51-180A4C1BE8DA}.Release|Any CPU.Build.0 = Release|Any CPU
		{275ED9A6-EAF3-2C3D-F321-08B781C14613}.Debug|Any CPU.ActiveCfg = Debug|Any CPU
		{275ED9A6-EAF3-2C3D-F321-08B781C14613}.Debug|Any CPU.Build.0 = Debug|Any CPU
		{275ED9A6-EAF3-2C3D-F321-08B781C14613}.Release|Any CPU.ActiveCfg = Release|Any CPU
		{275ED9A6-EAF3-2C3D-F321-08B781C14613}.Release|Any CPU.Build.0 = Release|Any CPU
		{F80E1F36-5492-FBB3-BC89-2947D0E7FE19}.Debug|Any CPU.ActiveCfg = Debug|Any CPU
		{F80E1F36-5492-FBB3-BC89-2947D0E7FE19}.Debug|Any CPU.Build.0 = Debug|Any CPU
		{F80E1F36-5492-FBB3-BC89-2947D0E7FE19}.Release|Any CPU.ActiveCfg = Release|Any CPU
		{F80E1F36-5492-FBB3-BC89-2947D0E7FE19}.Release|Any CPU.Build.0 = Release|Any CPU
		{BBE48A79-DC4D-21E7-6D71-53F0ED7B552F}.Debug|Any CPU.ActiveCfg = Debug|Any CPU
		{BBE48A79-DC4D-21E7-6D71-53F0ED7B552F}.Debug|Any CPU.Build.0 = Debug|Any CPU
		{BBE48A79-DC4D-21E7-6D71-53F0ED7B552F}.Release|Any CPU.ActiveCfg = Release|Any CPU
		{BBE48A79-DC4D-21E7-6D71-53F0ED7B552F}.Release|Any CPU.Build.0 = Release|Any CPU
		{F66776B4-F74D-7E2E-F6DE-8A119D6C1D0B}.Debug|Any CPU.ActiveCfg = Debug|Any CPU
		{F66776B4-F74D-7E2E-F6DE-8A119D6C1D0B}.Debug|Any CPU.Build.0 = Debug|Any CPU
		{F66776B4-F74D-7E2E-F6DE-8A119D6C1D0B}.Release|Any CPU.ActiveCfg = Release|Any CPU
		{F66776B4-F74D-7E2E-F6DE-8A119D6C1D0B}.Release|Any CPU.Build.0 = Release|Any CPU
		{39E772DB-54CB-C09E-1E54-0EE540F25A2D}.Debug|Any CPU.ActiveCfg = Debug|Any CPU
		{39E772DB-54CB-C09E-1E54-0EE540F25A2D}.Debug|Any CPU.Build.0 = Debug|Any CPU
		{39E772DB-54CB-C09E-1E54-0EE540F25A2D}.Release|Any CPU.ActiveCfg = Release|Any CPU
		{39E772DB-54CB-C09E-1E54-0EE540F25A2D}.Release|Any CPU.Build.0 = Release|Any CPU
		{83A7506B-334B-2C8D-17E4-1DE83998BEA7}.Debug|Any CPU.ActiveCfg = Debug|Any CPU
		{83A7506B-334B-2C8D-17E4-1DE83998BEA7}.Debug|Any CPU.Build.0 = Debug|Any CPU
		{83A7506B-334B-2C8D-17E4-1DE83998BEA7}.Release|Any CPU.ActiveCfg = Release|Any CPU
		{83A7506B-334B-2C8D-17E4-1DE83998BEA7}.Release|Any CPU.Build.0 = Release|Any CPU
	EndGlobalSection
	GlobalSection(SolutionProperties) = preSolution
		HideSolutionNode = FALSE
	EndGlobalSection
	GlobalSection(NestedProjects) = preSolution
		{00FA48AA-AAC5-2D6C-B97A-860029AE241B} = {2EAE0096-84BE-4458-B03E-0A1C08957F16}
		{85F39052-DEB9-1D12-475D-9AFC5DEC09C9} = {02EA681E-C7D8-13C7-8484-4AC65E1B71E8}
		{0E739B1C-0B73-37F4-10BA-EF785EF809E2} = {02EA681E-C7D8-13C7-8484-4AC65E1B71E8}
		{9AFD1115-2C46-D345-128E-2EE1879856AD} = {82DD075F-1104-4CA8-BE07-1E9A7FF1D202}
		{02EA681E-C7D8-13C7-8484-4AC65E1B71E8} = {73B11EC0-CA8F-427E-B282-FE897545C97B}
		{2EAE0096-84BE-4458-B03E-0A1C08957F16} = {73B11EC0-CA8F-427E-B282-FE897545C97B}
		{82DD075F-1104-4CA8-BE07-1E9A7FF1D202} = {73B11EC0-CA8F-427E-B282-FE897545C97B}
		{E5858F4D-D17E-4963-A770-9A8A914BDA63} = {582B45AA-9561-481B-8B6D-FCC7788B8395}
		{C07F59CA-AB3B-40C1-9884-8D27F713932C} = {4905DBC5-FC94-40EF-B664-0D183D97DDBC}
		{F547F726-F1A7-4EE8-BF22-CB4464A4D74F} = {4905DBC5-FC94-40EF-B664-0D183D97DDBC}
		{486C0110-4E90-4AA5-809E-C5987F8FEC77} = {4905DBC5-FC94-40EF-B664-0D183D97DDBC}
		{56DC7DD4-D1E4-8969-0242-9053F3075998} = {C07F59CA-AB3B-40C1-9884-8D27F713932C}
		{86CF06F9-6CB7-AD15-9D51-180A4C1BE8DA} = {C07F59CA-AB3B-40C1-9884-8D27F713932C}
		{275ED9A6-EAF3-2C3D-F321-08B781C14613} = {F547F726-F1A7-4EE8-BF22-CB4464A4D74F}
		{F80E1F36-5492-FBB3-BC89-2947D0E7FE19} = {486C0110-4E90-4AA5-809E-C5987F8FEC77}
		{BBE48A79-DC4D-21E7-6D71-53F0ED7B552F} = {43F05A5B-9757-4F5D-B334-E5C51D10D60F}
		{F66776B4-F74D-7E2E-F6DE-8A119D6C1D0B} = {2EF5EEE0-0C5A-483F-87C3-0CFD17046A4A}
		{39E772DB-54CB-C09E-1E54-0EE540F25A2D} = {2EF5EEE0-0C5A-483F-87C3-0CFD17046A4A}
		{83A7506B-334B-2C8D-17E4-1DE83998BEA7} = {5F40C3DB-4F58-4B31-9748-0527B56997E3}
		{43F05A5B-9757-4F5D-B334-E5C51D10D60F} = {51E97536-C013-4C40-BFED-2D551DEDDCFD}
		{2EF5EEE0-0C5A-483F-87C3-0CFD17046A4A} = {51E97536-C013-4C40-BFED-2D551DEDDCFD}
		{5F40C3DB-4F58-4B31-9748-0527B56997E3} = {51E97536-C013-4C40-BFED-2D551DEDDCFD}
	EndGlobalSection
	GlobalSection(ExtensibilityGlobals) = postSolution
		SolutionGuid = {66E40636-A10D-4764-8E34-5D9290000439}
	EndGlobalSection
EndGlobal
